
Microsoft Visual Studio Solution File, Format Version 12.00
# Visual Studio Version 17
VisualStudioVersion = 17.9.34607.119
MinimumVisualStudioVersion = 10.0.40219.1
Project("{FAE04EC0-301F-11D3-BF4B-00C04F79EFBC}") = "Select2Demo", "Select2Demo.csproj", "{55BB8D25-C4A0-4ABD-B890-5F87493516B5}"
EndProject
Global
	GlobalSection(SolutionConfigurationPlatforms) = preSolution
		Debug|Any CPU = Debug|Any CPU
		Release|Any CPU = Release|Any CPU
	EndGlobalSection
	GlobalSection(ProjectConfigurationPlatforms) = postSolution
		{55BB8D25-C4A0-4ABD-B890-5F87493516B5}.Debug|Any CPU.ActiveCfg = Debug|Any CPU
		{55BB8D25-C4A0-4ABD-B890-5F87493516B5}.Debug|Any CPU.Build.0 = Debug|Any CPU
		{55BB8D25-C4A0-4ABD-B890-5F87493516B5}.Release|Any CPU.ActiveCfg = Release|Any CPU
		{55BB8D25-C4A0-4ABD-B890-5F87493516B5}.Release|Any CPU.Build.0 = Release|Any CPU
	EndGlobalSection
	GlobalSection(SolutionProperties) = preSolution
		HideSolutionNode = FALSE
	EndGlobalSection
	GlobalSection(ExtensibilityGlobals) = postSolution
		SolutionGuid = {B6883B60-3C2D-4A22-A08F-A62E004E0BB0}
	EndGlobalSection
EndGlobal
